
Microsoft Visual Studio Solution File, Format Version 12.00
# Visual Studio Version 16
VisualStudioVersion = 16.0.30804.86
MinimumVisualStudioVersion = 10.0.40219.1
Project("{FAE04EC0-301F-11D3-BF4B-00C04F79EFBC}") = "Aula05_Ex2", "Aula05_Ex2\Aula05_Ex2.csproj", "{04BE0541-FF77-4C76-9695-A8BAF31EEF2C}"
EndProject
Global
	GlobalSection(SolutionConfigurationPlatforms) = preSolution
		Debug|Any CPU = Debug|Any CPU
		Release|Any CPU = Release|Any CPU
	EndGlobalSection
	GlobalSection(ProjectConfigurationPlatforms) = postSolution
		{04BE0541-FF77-4C76-9695-A8BAF31EEF2C}.Debug|Any CPU.ActiveCfg = Debug|Any CPU
		{04BE0541-FF77-4C76-9695-A8BAF31EEF2C}.Debug|Any CPU.Build.0 = Debug|Any CPU
		{04BE0541-FF77-4C76-9695-A8BAF31EEF2C}.Release|Any CPU.ActiveCfg = Release|Any CPU
		{04BE0541-FF77-4C76-9695-A8BAF31EEF2C}.Release|Any CPU.Build.0 = Release|Any CPU
	EndGlobalSection
	GlobalSection(SolutionProperties) = preSolution
		HideSolutionNode = FALSE
	EndGlobalSection
	GlobalSection(ExtensibilityGlobals) = postSolution
		SolutionGuid = {717ACEFA-2E4D-4D33-A492-A29BAEA77479}
	EndGlobalSection
EndGlobal
