
Microsoft Visual Studio Solution File, Format Version 12.00
# Visual Studio Version 16
VisualStudioVersion = 16.0.30804.86
MinimumVisualStudioVersion = 10.0.40219.1
Project("{F2A71F9B-5D33-465A-A702-920D77279786}") = "Razor_Teste", "Razor_Teste\Razor_Teste.fsproj", "{F6DD6C44-4FEB-4978-8C80-398EB360AE47}"
EndProject
Global
	GlobalSection(SolutionConfigurationPlatforms) = preSolution
		Debug|Any CPU = Debug|Any CPU
		Release|Any CPU = Release|Any CPU
	EndGlobalSection
	GlobalSection(ProjectConfigurationPlatforms) = postSolution
		{F6DD6C44-4FEB-4978-8C80-398EB360AE47}.Debug|Any CPU.ActiveCfg = Debug|Any CPU
		{F6DD6C44-4FEB-4978-8C80-398EB360AE47}.Debug|Any CPU.Build.0 = Debug|Any CPU
		{F6DD6C44-4FEB-4978-8C80-398EB360AE47}.Release|Any CPU.ActiveCfg = Release|Any CPU
		{F6DD6C44-4FEB-4978-8C80-398EB360AE47}.Release|Any CPU.Build.0 = Release|Any CPU
	EndGlobalSection
	GlobalSection(SolutionProperties) = preSolution
		HideSolutionNode = FALSE
	EndGlobalSection
	GlobalSection(ExtensibilityGlobals) = postSolution
		SolutionGuid = {A4AF0878-207F-4D8D-8008-536BD66B75FC}
	EndGlobalSection
EndGlobal
