
Microsoft Visual Studio Solution File, Format Version 12.00
# Visual Studio Version 16
VisualStudioVersion = 16.0.30804.86
MinimumVisualStudioVersion = 10.0.40219.1
Project("{FAE04EC0-301F-11D3-BF4B-00C04F79EFBC}") = "Teste_JWT", "Teste_JWT\Teste_JWT.csproj", "{4A524F25-E7F3-480E-98D4-D41544442316}"
EndProject
Global
	GlobalSection(SolutionConfigurationPlatforms) = preSolution
		Debug|Any CPU = Debug|Any CPU
		Release|Any CPU = Release|Any CPU
	EndGlobalSection
	GlobalSection(ProjectConfigurationPlatforms) = postSolution
		{4A524F25-E7F3-480E-98D4-D41544442316}.Debug|Any CPU.ActiveCfg = Debug|Any CPU
		{4A524F25-E7F3-480E-98D4-D41544442316}.Debug|Any CPU.Build.0 = Debug|Any CPU
		{4A524F25-E7F3-480E-98D4-D41544442316}.Release|Any CPU.ActiveCfg = Release|Any CPU
		{4A524F25-E7F3-480E-98D4-D41544442316}.Release|Any CPU.Build.0 = Release|Any CPU
	EndGlobalSection
	GlobalSection(SolutionProperties) = preSolution
		HideSolutionNode = FALSE
	EndGlobalSection
	GlobalSection(ExtensibilityGlobals) = postSolution
		SolutionGuid = {515DF86D-5838-4054-B685-D03B5767BF18}
	EndGlobalSection
EndGlobal
