
Microsoft Visual Studio Solution File, Format Version 12.00
# Visual Studio Version 16
VisualStudioVersion = 16.0.30804.86
MinimumVisualStudioVersion = 10.0.40219.1
Project("{FAE04EC0-301F-11D3-BF4B-00C04F79EFBC}") = "Ex_ScaffoldMVC", "Ex_ScaffoldMVC\Ex_ScaffoldMVC.csproj", "{3242CFAE-ACA4-427C-8439-15019A6033EA}"
EndProject
Global
	GlobalSection(SolutionConfigurationPlatforms) = preSolution
		Debug|Any CPU = Debug|Any CPU
		Release|Any CPU = Release|Any CPU
	EndGlobalSection
	GlobalSection(ProjectConfigurationPlatforms) = postSolution
		{3242CFAE-ACA4-427C-8439-15019A6033EA}.Debug|Any CPU.ActiveCfg = Debug|Any CPU
		{3242CFAE-ACA4-427C-8439-15019A6033EA}.Debug|Any CPU.Build.0 = Debug|Any CPU
		{3242CFAE-ACA4-427C-8439-15019A6033EA}.Release|Any CPU.ActiveCfg = Release|Any CPU
		{3242CFAE-ACA4-427C-8439-15019A6033EA}.Release|Any CPU.Build.0 = Release|Any CPU
	EndGlobalSection
	GlobalSection(SolutionProperties) = preSolution
		HideSolutionNode = FALSE
	EndGlobalSection
	GlobalSection(ExtensibilityGlobals) = postSolution
		SolutionGuid = {58BD77FF-B82F-461A-912A-F7427F62A480}
	EndGlobalSection
EndGlobal
